
Microsoft Visual Studio Solution File, Format Version 12.00
# Visual Studio Version 16
VisualStudioVersion = 16.0.32228.343
MinimumVisualStudioVersion = 10.0.40219.1
Project("{FAE04EC0-301F-11D3-BF4B-00C04F79EFBC}") = "01_Hello", "01_Hello\01_Hello.csproj", "{F782D02C-DE7A-4F0C-95D8-78FAE779B091}"
EndProject
Global
	GlobalSection(SolutionConfigurationPlatforms) = preSolution
		Debug|Any CPU = Debug|Any CPU
		Release|Any CPU = Release|Any CPU
	EndGlobalSection
	GlobalSection(ProjectConfigurationPlatforms) = postSolution
		{F782D02C-DE7A-4F0C-95D8-78FAE779B091}.Debug|Any CPU.ActiveCfg = Debug|Any CPU
		{F782D02C-DE7A-4F0C-95D8-78FAE779B091}.Debug|Any CPU.Build.0 = Debug|Any CPU
		{F782D02C-DE7A-4F0C-95D8-78FAE779B091}.Release|Any CPU.ActiveCfg = Release|Any CPU
		{F782D02C-DE7A-4F0C-95D8-78FAE779B091}.Release|Any CPU.Build.0 = Release|Any CPU
	EndGlobalSection
	GlobalSection(SolutionProperties) = preSolution
		HideSolutionNode = FALSE
	EndGlobalSection
	GlobalSection(ExtensibilityGlobals) = postSolution
		SolutionGuid = {4957C2C2-B353-43A5-9B59-77BDED7FB586}
	EndGlobalSection
EndGlobal
